// !$*UTF8*$!
{
	archiveVersion = 1;
	classes = {
	};
	objectVersion = 56;
	objects = {

/* Begin PBXBuildFile section */
		CC6500622A67C874000EE35F /* AppDelegate.swift in Sources */ = {isa = PBXBuildFile; fileRef = CC6500612A67C874000EE35F /* AppDelegate.swift */; };
		CC6500642A67C874000EE35F /* art.scnassets in Resources */ = {isa = PBXBuildFile; fileRef = CC6500632A67C874000EE35F /* art.scnassets */; };
		CC6500662A67C874000EE35F /* ARViewController.swift in Sources */ = {isa = PBXBuildFile; fileRef = CC6500652A67C874000EE35F /* ARViewController.swift */; };
		CC65006B2A67C875000EE35F /* Assets.xcassets in Resources */ = {isa = PBXBuildFile; fileRef = CC65006A2A67C875000EE35F /* Assets.xcassets */; };
		CC65006E2A67C875000EE35F /* LaunchScreen.storyboard in Resources */ = {isa = PBXBuildFile; fileRef = CC65006C2A67C875000EE35F /* LaunchScreen.storyboard */; };
		CC65007D2A67CBB4000EE35F /* HomeViewController.swift in Sources */ = {isa = PBXBuildFile; fileRef = CC65007C2A67CBB4000EE35F /* HomeViewController.swift */; };
		CC65007F2A67CBBE000EE35F /* Home.storyboard in Resources */ = {isa = PBXBuildFile; fileRef = CC65007E2A67CBBE000EE35F /* Home.storyboard */; };
		CC6500822A67DEF4000EE35F /* ARCharacterDelegate.swift in Sources */ = {isa = PBXBuildFile; fileRef = CC6500812A67DEF4000EE35F /* ARCharacterDelegate.swift */; };
		CC6500852A67EB76000EE35F /* StackNavigation.swift in Sources */ = {isa = PBXBuildFile; fileRef = CC6500842A67EB76000EE35F /* StackNavigation.swift */; };
		CC6500872A681128000EE35F /* AR.storyboard in Resources */ = {isa = PBXBuildFile; fileRef = CC6500862A681128000EE35F /* AR.storyboard */; };
/* End PBXBuildFile section */

/* Begin PBXFileReference section */
		CC65005E2A67C874000EE35F /* ar-nui-trainer.app */ = {isa = PBXFileReference; explicitFileType = wrapper.application; includeInIndex = 0; path = "ar-nui-trainer.app"; sourceTree = BUILT_PRODUCTS_DIR; };
		CC6500612A67C874000EE35F /* AppDelegate.swift */ = {isa = PBXFileReference; lastKnownFileType = sourcecode.swift; path = AppDelegate.swift; sourceTree = "<group>"; };
		CC6500632A67C874000EE35F /* art.scnassets */ = {isa = PBXFileReference; lastKnownFileType = wrapper.scnassets; path = art.scnassets; sourceTree = "<group>"; };
		CC6500652A67C874000EE35F /* ARViewController.swift */ = {isa = PBXFileReference; lastKnownFileType = sourcecode.swift; path = ARViewController.swift; sourceTree = "<group>"; };
		CC65006A2A67C875000EE35F /* Assets.xcassets */ = {isa = PBXFileReference; lastKnownFileType = folder.assetcatalog; path = Assets.xcassets; sourceTree = "<group>"; };
		CC65006D2A67C875000EE35F /* Base */ = {isa = PBXFileReference; lastKnownFileType = file.storyboard; name = Base; path = Base.lproj/LaunchScreen.storyboard; sourceTree = "<group>"; };
		CC65007C2A67CBB4000EE35F /* HomeViewController.swift */ = {isa = PBXFileReference; lastKnownFileType = sourcecode.swift; path = HomeViewController.swift; sourceTree = "<group>"; };
		CC65007E2A67CBBE000EE35F /* Home.storyboard */ = {isa = PBXFileReference; lastKnownFileType = file.storyboard; path = Home.storyboard; sourceTree = "<group>"; };
		CC6500812A67DEF4000EE35F /* ARCharacterDelegate.swift */ = {isa = PBXFileReference; lastKnownFileType = sourcecode.swift; path = ARCharacterDelegate.swift; sourceTree = "<group>"; };
		CC6500842A67EB76000EE35F /* StackNavigation.swift */ = {isa = PBXFileReference; lastKnownFileType = sourcecode.swift; path = StackNavigation.swift; sourceTree = "<group>"; };
		CC6500862A681128000EE35F /* AR.storyboard */ = {isa = PBXFileReference; lastKnownFileType = file.storyboard; path = AR.storyboard; sourceTree = "<group>"; };
/* End PBXFileReference section */

/* Begin PBXFrameworksBuildPhase section */
		CC65005B2A67C874000EE35F /* Frameworks */ = {
			isa = PBXFrameworksBuildPhase;
			buildActionMask = 2147483647;
			files = (
			);
			runOnlyForDeploymentPostprocessing = 0;
		};
/* End PBXFrameworksBuildPhase section */

/* Begin PBXGroup section */
		CC6500552A67C874000EE35F = {
			isa = PBXGroup;
			children = (
				CC6500602A67C874000EE35F /* ar-nui-trainer */,
				CC65005F2A67C874000EE35F /* Products */,
			);
			sourceTree = "<group>";
		};
		CC65005F2A67C874000EE35F /* Products */ = {
			isa = PBXGroup;
			children = (
				CC65005E2A67C874000EE35F /* ar-nui-trainer.app */,
			);
			name = Products;
			sourceTree = "<group>";
		};
		CC6500602A67C874000EE35F /* ar-nui-trainer */ = {
			isa = PBXGroup;
			children = (
				CC6500832A67EA39000EE35F /* Utils */,
				CC6500802A67DED0000EE35F /* Delegate */,
				CC6500752A67CA72000EE35F /* AR */,
				CC6500742A67CA29000EE35F /* Home */,
				CC6500612A67C874000EE35F /* AppDelegate.swift */,
				CC6500632A67C874000EE35F /* art.scnassets */,
				CC65006A2A67C875000EE35F /* Assets.xcassets */,
				CC65006C2A67C875000EE35F /* LaunchScreen.storyboard */,
			);
			path = "ar-nui-trainer";
			sourceTree = "<group>";
		};
		CC6500742A67CA29000EE35F /* Home */ = {
			isa = PBXGroup;
			children = (
				CC65007B2A67CB92000EE35F /* Model */,
				CC65007A2A67CB8C000EE35F /* View */,
				CC6500792A67CB82000EE35F /* Controller */,
			);
			path = Home;
			sourceTree = "<group>";
		};
		CC6500752A67CA72000EE35F /* AR */ = {
			isa = PBXGroup;
			children = (
				CC6500782A67CAA5000EE35F /* Model */,
				CC6500772A67CA9E000EE35F /* View */,
				CC6500762A67CA93000EE35F /* Controller */,
			);
			path = AR;
			sourceTree = "<group>";
		};
		CC6500762A67CA93000EE35F /* Controller */ = {
			isa = PBXGroup;
			children = (
				CC6500652A67C874000EE35F /* ARViewController.swift */,
			);
			path = Controller;
			sourceTree = "<group>";
		};
		CC6500772A67CA9E000EE35F /* View */ = {
			isa = PBXGroup;
			children = (
				CC6500862A681128000EE35F /* AR.storyboard */,
			);
			path = View;
			sourceTree = "<group>";
		};
		CC6500782A67CAA5000EE35F /* Model */ = {
			isa = PBXGroup;
			children = (
			);
			path = Model;
			sourceTree = "<group>";
		};
		CC6500792A67CB82000EE35F /* Controller */ = {
			isa = PBXGroup;
			children = (
				CC65007C2A67CBB4000EE35F /* HomeViewController.swift */,
			);
			path = Controller;
			sourceTree = "<group>";
		};
		CC65007A2A67CB8C000EE35F /* View */ = {
			isa = PBXGroup;
			children = (
				CC65007E2A67CBBE000EE35F /* Home.storyboard */,
			);
			path = View;
			sourceTree = "<group>";
		};
		CC65007B2A67CB92000EE35F /* Model */ = {
			isa = PBXGroup;
			children = (
			);
			path = Model;
			sourceTree = "<group>";
		};
		CC6500802A67DED0000EE35F /* Delegate */ = {
			isa = PBXGroup;
			children = (
				CC6500812A67DEF4000EE35F /* ARCharacterDelegate.swift */,
			);
			path = Delegate;
			sourceTree = "<group>";
		};
		CC6500832A67EA39000EE35F /* Utils */ = {
			isa = PBXGroup;
			children = (
				CC6500842A67EB76000EE35F /* StackNavigation.swift */,
			);
			path = Utils;
			sourceTree = "<group>";
		};
/* End PBXGroup section */

/* Begin PBXNativeTarget section */
		CC65005D2A67C874000EE35F /* ar-nui-trainer */ = {
			isa = PBXNativeTarget;
			buildConfigurationList = CC6500712A67C875000EE35F /* Build configuration list for PBXNativeTarget "ar-nui-trainer" */;
			buildPhases = (
				CC65005A2A67C874000EE35F /* Sources */,
				CC65005B2A67C874000EE35F /* Frameworks */,
				CC65005C2A67C874000EE35F /* Resources */,
			);
			buildRules = (
			);
			dependencies = (
			);
			name = "ar-nui-trainer";
			productName = "ar-nui-trainer";
			productReference = CC65005E2A67C874000EE35F /* ar-nui-trainer.app */;
			productType = "com.apple.product-type.application";
		};
/* End PBXNativeTarget section */

/* Begin PBXProject section */
		CC6500562A67C874000EE35F /* Project object */ = {
			isa = PBXProject;
			attributes = {
				BuildIndependentTargetsInParallel = 1;
				LastSwiftUpdateCheck = 1430;
				LastUpgradeCheck = 1430;
				TargetAttributes = {
					CC65005D2A67C874000EE35F = {
						CreatedOnToolsVersion = 14.3.1;
					};
				};
			};
			buildConfigurationList = CC6500592A67C874000EE35F /* Build configuration list for PBXProject "ar-nui-trainer" */;
			compatibilityVersion = "Xcode 14.0";
			developmentRegion = en;
			hasScannedForEncodings = 0;
			knownRegions = (
				en,
				Base,
			);
			mainGroup = CC6500552A67C874000EE35F;
			productRefGroup = CC65005F2A67C874000EE35F /* Products */;
			projectDirPath = "";
			projectRoot = "";
			targets = (
				CC65005D2A67C874000EE35F /* ar-nui-trainer */,
			);
		};
/* End PBXProject section */

/* Begin PBXResourcesBuildPhase section */
		CC65005C2A67C874000EE35F /* Resources */ = {
			isa = PBXResourcesBuildPhase;
			buildActionMask = 2147483647;
			files = (
				CC6500642A67C874000EE35F /* art.scnassets in Resources */,
				CC65007F2A67CBBE000EE35F /* Home.storyboard in Resources */,
				CC65006E2A67C875000EE35F /* LaunchScreen.storyboard in Resources */,
				CC65006B2A67C875000EE35F /* Assets.xcassets in Resources */,
				CC6500872A681128000EE35F /* AR.storyboard in Resources */,
			);
			runOnlyForDeploymentPostprocessing = 0;
		};
/* End PBXResourcesBuildPhase section */

/* Begin PBXSourcesBuildPhase section */
		CC65005A2A67C874000EE35F /* Sources */ = {
			isa = PBXSourcesBuildPhase;
			buildActionMask = 2147483647;
			files = (
				CC6500662A67C874000EE35F /* ARViewController.swift in Sources */,
				CC6500622A67C874000EE35F /* AppDelegate.swift in Sources */,
				CC65007D2A67CBB4000EE35F /* HomeViewController.swift in Sources */,
				CC6500852A67EB76000EE35F /* StackNavigation.swift in Sources */,
				CC6500822A67DEF4000EE35F /* ARCharacterDelegate.swift in Sources */,
			);
			runOnlyForDeploymentPostprocessing = 0;
		};
/* End PBXSourcesBuildPhase section */

/* Begin PBXVariantGroup section */
		CC65006C2A67C875000EE35F /* LaunchScreen.storyboard */ = {
			isa = PBXVariantGroup;
			children = (
				CC65006D2A67C875000EE35F /* Base */,
			);
			name = LaunchScreen.storyboard;
			sourceTree = "<group>";
		};
/* End PBXVariantGroup section */

/* Begin XCBuildConfiguration section */
		CC65006F2A67C875000EE35F /* Debug */ = {
			isa = XCBuildConfiguration;
			buildSettings = {
				ALWAYS_SEARCH_USER_PATHS = NO;
				CLANG_ANALYZER_NONNULL = YES;
				CLANG_ANALYZER_NUMBER_OBJECT_CONVERSION = YES_AGGRESSIVE;
				CLANG_CXX_LANGUAGE_STANDARD = "gnu++20";
				CLANG_ENABLE_MODULES = YES;
				CLANG_ENABLE_OBJC_ARC = YES;
				CLANG_ENABLE_OBJC_WEAK = YES;
				CLANG_WARN_BLOCK_CAPTURE_AUTORELEASING = YES;
				CLANG_WARN_BOOL_CONVERSION = YES;
				CLANG_WARN_COMMA = YES;
				CLANG_WARN_CONSTANT_CONVERSION = YES;
				CLANG_WARN_DEPRECATED_OBJC_IMPLEMENTATIONS = YES;
				CLANG_WARN_DIRECT_OBJC_ISA_USAGE = YES_ERROR;
				CLANG_WARN_DOCUMENTATION_COMMENTS = YES;
				CLANG_WARN_EMPTY_BODY = YES;
				CLANG_WARN_ENUM_CONVERSION = YES;
				CLANG_WARN_INFINITE_RECURSION = YES;
				CLANG_WARN_INT_CONVERSION = YES;
				CLANG_WARN_NON_LITERAL_NULL_CONVERSION = YES;
				CLANG_WARN_OBJC_IMPLICIT_RETAIN_SELF = YES;
				CLANG_WARN_OBJC_LITERAL_CONVERSION = YES;
				CLANG_WARN_OBJC_ROOT_CLASS = YES_ERROR;
				CLANG_WARN_QUOTED_INCLUDE_IN_FRAMEWORK_HEADER = YES;
				CLANG_WARN_RANGE_LOOP_ANALYSIS = YES;
				CLANG_WARN_STRICT_PROTOTYPES = YES;
				CLANG_WARN_SUSPICIOUS_MOVE = YES;
				CLANG_WARN_UNGUARDED_AVAILABILITY = YES_AGGRESSIVE;
				CLANG_WARN_UNREACHABLE_CODE = YES;
				CLANG_WARN__DUPLICATE_METHOD_MATCH = YES;
				COPY_PHASE_STRIP = NO;
				DEBUG_INFORMATION_FORMAT = dwarf;
				ENABLE_STRICT_OBJC_MSGSEND = YES;
				ENABLE_TESTABILITY = YES;
				GCC_C_LANGUAGE_STANDARD = gnu11;
				GCC_DYNAMIC_NO_PIC = NO;
				GCC_NO_COMMON_BLOCKS = YES;
				GCC_OPTIMIZATION_LEVEL = 0;
				GCC_PREPROCESSOR_DEFINITIONS = (
					"DEBUG=1",
					"$(inherited)",
				);
				GCC_WARN_64_TO_32_BIT_CONVERSION = YES;
				GCC_WARN_ABOUT_RETURN_TYPE = YES_ERROR;
				GCC_WARN_UNDECLARED_SELECTOR = YES;
				GCC_WARN_UNINITIALIZED_AUTOS = YES_AGGRESSIVE;
				GCC_WARN_UNUSED_FUNCTION = YES;
				GCC_WARN_UNUSED_VARIABLE = YES;
				IPHONEOS_DEPLOYMENT_TARGET = 16.4;
				MTL_ENABLE_DEBUG_INFO = INCLUDE_SOURCE;
				MTL_FAST_MATH = YES;
				ONLY_ACTIVE_ARCH = YES;
				SDKROOT = iphoneos;
				SWIFT_ACTIVE_COMPILATION_CONDITIONS = DEBUG;
				SWIFT_OPTIMIZATION_LEVEL = "-Onone";
			};
			name = Debug;
		};
		CC6500702A67C875000EE35F /* Release */ = {
			isa = XCBuildConfiguration;
			buildSettings = {
				ALWAYS_SEARCH_USER_PATHS = NO;
				CLANG_ANALYZER_NONNULL = YES;
				CLANG_ANALYZER_NUMBER_OBJECT_CONVERSION = YES_AGGRESSIVE;
				CLANG_CXX_LANGUAGE_STANDARD = "gnu++20";
				CLANG_ENABLE_MODULES = YES;
				CLANG_ENABLE_OBJC_ARC = YES;
				CLANG_ENABLE_OBJC_WEAK = YES;
				CLANG_WARN_BLOCK_CAPTURE_AUTORELEASING = YES;
				CLANG_WARN_BOOL_CONVERSION = YES;
				CLANG_WARN_COMMA = YES;
				CLANG_WARN_CONSTANT_CONVERSION = YES;
				CLANG_WARN_DEPRECATED_OBJC_IMPLEMENTATIONS = YES;
				CLANG_WARN_DIRECT_OBJC_ISA_USAGE = YES_ERROR;
				CLANG_WARN_DOCUMENTATION_COMMENTS = YES;
				CLANG_WARN_EMPTY_BODY = YES;
				CLANG_WARN_ENUM_CONVERSION = YES;
				CLANG_WARN_INFINITE_RECURSION = YES;
				CLANG_WARN_INT_CONVERSION = YES;
				CLANG_WARN_NON_LITERAL_NULL_CONVERSION = YES;
				CLANG_WARN_OBJC_IMPLICIT_RETAIN_SELF = YES;
				CLANG_WARN_OBJC_LITERAL_CONVERSION = YES;
				CLANG_WARN_OBJC_ROOT_CLASS = YES_ERROR;
				CLANG_WARN_QUOTED_INCLUDE_IN_FRAMEWORK_HEADER = YES;
				CLANG_WARN_RANGE_LOOP_ANALYSIS = YES;
				CLANG_WARN_STRICT_PROTOTYPES = YES;
				CLANG_WARN_SUSPICIOUS_MOVE = YES;
				CLANG_WARN_UNGUARDED_AVAILABILITY = YES_AGGRESSIVE;
				CLANG_WARN_UNREACHABLE_CODE = YES;
				CLANG_WARN__DUPLICATE_METHOD_MATCH = YES;
				COPY_PHASE_STRIP = NO;
				DEBUG_INFORMATION_FORMAT = "dwarf-with-dsym";
				ENABLE_NS_ASSERTIONS = NO;
				ENABLE_STRICT_OBJC_MSGSEND = YES;
				GCC_C_LANGUAGE_STANDARD = gnu11;
				GCC_NO_COMMON_BLOCKS = YES;
				GCC_WARN_64_TO_32_BIT_CONVERSION = YES;
				GCC_WARN_ABOUT_RETURN_TYPE = YES_ERROR;
				GCC_WARN_UNDECLARED_SELECTOR = YES;
				GCC_WARN_UNINITIALIZED_AUTOS = YES_AGGRESSIVE;
				GCC_WARN_UNUSED_FUNCTION = YES;
				GCC_WARN_UNUSED_VARIABLE = YES;
				IPHONEOS_DEPLOYMENT_TARGET = 16.4;
				MTL_ENABLE_DEBUG_INFO = NO;
				MTL_FAST_MATH = YES;
				SDKROOT = iphoneos;
				SWIFT_COMPILATION_MODE = wholemodule;
				SWIFT_OPTIMIZATION_LEVEL = "-O";
				VALIDATE_PRODUCT = YES;
			};
			name = Release;
		};
		CC6500722A67C875000EE35F /* Debug */ = {
			isa = XCBuildConfiguration;
			buildSettings = {
				ASSETCATALOG_COMPILER_APPICON_NAME = AppIcon;
				ASSETCATALOG_COMPILER_GLOBAL_ACCENT_COLOR_NAME = AccentColor;
				CODE_SIGN_STYLE = Automatic;
				CURRENT_PROJECT_VERSION = 1;
				DEVELOPMENT_TEAM = YWNQ4RZBTS;
				GENERATE_INFOPLIST_FILE = YES;
				INFOPLIST_KEY_NSCameraUsageDescription = "";
				INFOPLIST_KEY_UIApplicationSupportsIndirectInputEvents = YES;
				INFOPLIST_KEY_UILaunchStoryboardName = LaunchScreen;
				INFOPLIST_KEY_UIMainStoryboardFile = Home;
				INFOPLIST_KEY_UIRequiredDeviceCapabilities = arkit;
				INFOPLIST_KEY_UIStatusBarHidden = YES;
				INFOPLIST_KEY_UISupportedInterfaceOrientations = "UIInterfaceOrientationLandscapeLeft UIInterfaceOrientationLandscapeRight UIInterfaceOrientationPortrait";
				INFOPLIST_KEY_UISupportedInterfaceOrientations_iPad = "UIInterfaceOrientationLandscapeLeft UIInterfaceOrientationLandscapeRight";
				IPHONEOS_DEPLOYMENT_TARGET = 16.0;
				LD_RUNPATH_SEARCH_PATHS = (
					"$(inherited)",
					"@executable_path/Frameworks",
				);
				MARKETING_VERSION = 1.0;
				PRODUCT_BUNDLE_IDENTIFIER = "com.jin.yoo.ar-nui-trainer";
				PRODUCT_NAME = "$(TARGET_NAME)";
				SUPPORTED_PLATFORMS = "iphoneos iphonesimulator";
				SUPPORTS_MACCATALYST = NO;
				SUPPORTS_MAC_DESIGNED_FOR_IPHONE_IPAD = NO;
				SWIFT_EMIT_LOC_STRINGS = YES;
				SWIFT_VERSION = 5.0;
				TARGETED_DEVICE_FAMILY = 2;
			};
			name = Debug;
		};
		CC6500732A67C875000EE35F /* Release */ = {
			isa = XCBuildConfiguration;
			buildSettings = {
				ASSETCATALOG_COMPILER_APPICON_NAME = AppIcon;
				ASSETCATALOG_COMPILER_GLOBAL_ACCENT_COLOR_NAME = AccentColor;
				CODE_SIGN_STYLE = Automatic;
				CURRENT_PROJECT_VERSION = 1;
				DEVELOPMENT_TEAM = YWNQ4RZBTS;
				GENERATE_INFOPLIST_FILE = YES;
				INFOPLIST_KEY_NSCameraUsageDescription = "";
				INFOPLIST_KEY_UIApplicationSupportsIndirectInputEvents = YES;
				INFOPLIST_KEY_UILaunchStoryboardName = LaunchScreen;
				INFOPLIST_KEY_UIMainStoryboardFile = Home;
				INFOPLIST_KEY_UIRequiredDeviceCapabilities = arkit;
				INFOPLIST_KEY_UIStatusBarHidden = YES;
				INFOPLIST_KEY_UISupportedInterfaceOrientations = "UIInterfaceOrientationLandscapeLeft UIInterfaceOrientationLandscapeRight UIInterfaceOrientationPortrait";
				INFOPLIST_KEY_UISupportedInterfaceOrientations_iPad = "UIInterfaceOrientationLandscapeLeft UIInterfaceOrientationLandscapeRight";
				IPHONEOS_DEPLOYMENT_TARGET = 16.0;
				LD_RUNPATH_SEARCH_PATHS = (
					"$(inherited)",
					"@executable_path/Frameworks",
				);
				MARKETING_VERSION = 1.0;
				PRODUCT_BUNDLE_IDENTIFIER = "com.jin.yoo.ar-nui-trainer";
				PRODUCT_NAME = "$(TARGET_NAME)";
				SUPPORTED_PLATFORMS = "iphoneos iphonesimulator";
				SUPPORTS_MACCATALYST = NO;
				SUPPORTS_MAC_DESIGNED_FOR_IPHONE_IPAD = NO;
				SWIFT_EMIT_LOC_STRINGS = YES;
				SWIFT_VERSION = 5.0;
				TARGETED_DEVICE_FAMILY = 2;
			};
			name = Release;
		};
/* End XCBuildConfiguration section */

/* Begin XCConfigurationList section */
		CC6500592A67C874000EE35F /* Build configuration list for PBXProject "ar-nui-trainer" */ = {
			isa = XCConfigurationList;
			buildConfigurations = (
				CC65006F2A67C875000EE35F /* Debug */,
				CC6500702A67C875000EE35F /* Release */,
			);
			defaultConfigurationIsVisible = 0;
			defaultConfigurationName = Release;
		};
		CC6500712A67C875000EE35F /* Build configuration list for PBXNativeTarget "ar-nui-trainer" */ = {
			isa = XCConfigurationList;
			buildConfigurations = (
				CC6500722A67C875000EE35F /* Debug */,
				CC6500732A67C875000EE35F /* Release */,
			);
			defaultConfigurationIsVisible = 0;
			defaultConfigurationName = Release;
		};
/* End XCConfigurationList section */
	};
	rootObject = CC6500562A67C874000EE35F /* Project object */;
}
